
Microsoft Visual Studio Solution File, Format Version 12.00
# Visual Studio Version 16
VisualStudioVersion = 16.0.32929.386
MinimumVisualStudioVersion = 10.0.40219.1
Project("{FAE04EC0-301F-11D3-BF4B-00C04F79EFBC}") = "TestCase2", "TestCase2\TestCase2.csproj", "{EFF1397D-C88A-460A-B6D4-351E982C5319}"
EndProject
Project("{FAE04EC0-301F-11D3-BF4B-00C04F79EFBC}") = "TestCase2Tests", "TestCase2Tests\TestCase2Tests.csproj", "{2C1BA02F-1DEF-4AF8-A8EF-46009547120E}"
EndProject
Global
	GlobalSection(SolutionConfigurationPlatforms) = preSolution
		Debug|Any CPU = Debug|Any CPU
		Release|Any CPU = Release|Any CPU
	EndGlobalSection
	GlobalSection(ProjectConfigurationPlatforms) = postSolution
		{EFF1397D-C88A-460A-B6D4-351E982C5319}.Debug|Any CPU.ActiveCfg = Debug|Any CPU
		{EFF1397D-C88A-460A-B6D4-351E982C5319}.Debug|Any CPU.Build.0 = Debug|Any CPU
		{EFF1397D-C88A-460A-B6D4-351E982C5319}.Release|Any CPU.ActiveCfg = Release|Any CPU
		{EFF1397D-C88A-460A-B6D4-351E982C5319}.Release|Any CPU.Build.0 = Release|Any CPU
		{2C1BA02F-1DEF-4AF8-A8EF-46009547120E}.Debug|Any CPU.ActiveCfg = Debug|Any CPU
		{2C1BA02F-1DEF-4AF8-A8EF-46009547120E}.Debug|Any CPU.Build.0 = Debug|Any CPU
		{2C1BA02F-1DEF-4AF8-A8EF-46009547120E}.Release|Any CPU.ActiveCfg = Release|Any CPU
		{2C1BA02F-1DEF-4AF8-A8EF-46009547120E}.Release|Any CPU.Build.0 = Release|Any CPU
	EndGlobalSection
	GlobalSection(SolutionProperties) = preSolution
		HideSolutionNode = FALSE
	EndGlobalSection
	GlobalSection(ExtensibilityGlobals) = postSolution
		SolutionGuid = {31491446-83D2-41B7-9B57-D844FEF7AED7}
	EndGlobalSection
EndGlobal
